// !$*UTF8*$!
{
	archiveVersion = 1;
	classes = {
	};
	objectVersion = 56;
	objects = {

/* Begin PBXBuildFile section */
		0B662E772A11619000B9B0A1 /* AppDelegate.swift in Sources */ = {isa = PBXBuildFile; fileRef = 0B662E762A11619000B9B0A1 /* AppDelegate.swift */; };
		0B662E792A11619000B9B0A1 /* SceneDelegate.swift in Sources */ = {isa = PBXBuildFile; fileRef = 0B662E782A11619000B9B0A1 /* SceneDelegate.swift */; };
		0B662E7B2A11619000B9B0A1 /* HomeViewController.swift in Sources */ = {isa = PBXBuildFile; fileRef = 0B662E7A2A11619000B9B0A1 /* HomeViewController.swift */; };
		0B662E802A11619100B9B0A1 /* Assets.xcassets in Resources */ = {isa = PBXBuildFile; fileRef = 0B662E7F2A11619100B9B0A1 /* Assets.xcassets */; };
		0B662E832A11619100B9B0A1 /* LaunchScreen.storyboard in Resources */ = {isa = PBXBuildFile; fileRef = 0B662E812A11619100B9B0A1 /* LaunchScreen.storyboard */; };
		0B662E8B2A11765C00B9B0A1 /* ListOfSchoolModel.swift in Sources */ = {isa = PBXBuildFile; fileRef = 0B662E8A2A11765C00B9B0A1 /* ListOfSchoolModel.swift */; };
		0B662E8D2A1176D700B9B0A1 /* Dynamic.swift in Sources */ = {isa = PBXBuildFile; fileRef = 0B662E8C2A1176D700B9B0A1 /* Dynamic.swift */; };
		0B662E8F2A1177C800B9B0A1 /* Constants.swift in Sources */ = {isa = PBXBuildFile; fileRef = 0B662E8E2A1177C800B9B0A1 /* Constants.swift */; };
		0B662E912A11780400B9B0A1 /* SchoolDetailsModel.swift in Sources */ = {isa = PBXBuildFile; fileRef = 0B662E902A11780400B9B0A1 /* SchoolDetailsModel.swift */; };
		0B662E932A11782C00B9B0A1 /* SchoolService.swift in Sources */ = {isa = PBXBuildFile; fileRef = 0B662E922A11782C00B9B0A1 /* SchoolService.swift */; };
		0B662E952A11787000B9B0A1 /* APIResource.swift in Sources */ = {isa = PBXBuildFile; fileRef = 0B662E942A11787000B9B0A1 /* APIResource.swift */; };
		0B662E972A11789500B9B0A1 /* APIRequest.swift in Sources */ = {isa = PBXBuildFile; fileRef = 0B662E962A11789500B9B0A1 /* APIRequest.swift */; };
		0B662E992A1178B700B9B0A1 /* NetworkRequest.swift in Sources */ = {isa = PBXBuildFile; fileRef = 0B662E982A1178B700B9B0A1 /* NetworkRequest.swift */; };
		0B662E9D2A11841600B9B0A1 /* SchoolDetailCell.swift in Sources */ = {isa = PBXBuildFile; fileRef = 0B662E9C2A11841600B9B0A1 /* SchoolDetailCell.swift */; };
		0B662E9F2A118D6800B9B0A1 /* SchoolDetailViewModel.swift in Sources */ = {isa = PBXBuildFile; fileRef = 0B662E9E2A118D6800B9B0A1 /* SchoolDetailViewModel.swift */; };
		0B662EA12A118EBD00B9B0A1 /* SchoolDetailViewController.swift in Sources */ = {isa = PBXBuildFile; fileRef = 0B662EA02A118EBD00B9B0A1 /* SchoolDetailViewController.swift */; };
/* End PBXBuildFile section */

/* Begin PBXFileReference section */
		0B662E732A11619000B9B0A1 /* NYC School.app */ = {isa = PBXFileReference; explicitFileType = wrapper.application; includeInIndex = 0; path = "NYC School.app"; sourceTree = BUILT_PRODUCTS_DIR; };
		0B662E762A11619000B9B0A1 /* AppDelegate.swift */ = {isa = PBXFileReference; lastKnownFileType = sourcecode.swift; path = AppDelegate.swift; sourceTree = "<group>"; };
		0B662E782A11619000B9B0A1 /* SceneDelegate.swift */ = {isa = PBXFileReference; lastKnownFileType = sourcecode.swift; path = SceneDelegate.swift; sourceTree = "<group>"; };
		0B662E7A2A11619000B9B0A1 /* HomeViewController.swift */ = {isa = PBXFileReference; lastKnownFileType = sourcecode.swift; path = HomeViewController.swift; sourceTree = "<group>"; };
		0B662E7F2A11619100B9B0A1 /* Assets.xcassets */ = {isa = PBXFileReference; lastKnownFileType = folder.assetcatalog; path = Assets.xcassets; sourceTree = "<group>"; };
		0B662E822A11619100B9B0A1 /* Base */ = {isa = PBXFileReference; lastKnownFileType = file.storyboard; name = Base; path = Base.lproj/LaunchScreen.storyboard; sourceTree = "<group>"; };
		0B662E842A11619100B9B0A1 /* Info.plist */ = {isa = PBXFileReference; lastKnownFileType = text.plist.xml; path = Info.plist; sourceTree = "<group>"; };
		0B662E8A2A11765C00B9B0A1 /* ListOfSchoolModel.swift */ = {isa = PBXFileReference; lastKnownFileType = sourcecode.swift; path = ListOfSchoolModel.swift; sourceTree = "<group>"; };
		0B662E8C2A1176D700B9B0A1 /* Dynamic.swift */ = {isa = PBXFileReference; lastKnownFileType = sourcecode.swift; path = Dynamic.swift; sourceTree = "<group>"; };
		0B662E8E2A1177C800B9B0A1 /* Constants.swift */ = {isa = PBXFileReference; lastKnownFileType = sourcecode.swift; path = Constants.swift; sourceTree = "<group>"; };
		0B662E902A11780400B9B0A1 /* SchoolDetailsModel.swift */ = {isa = PBXFileReference; lastKnownFileType = sourcecode.swift; path = SchoolDetailsModel.swift; sourceTree = "<group>"; };
		0B662E922A11782C00B9B0A1 /* SchoolService.swift */ = {isa = PBXFileReference; lastKnownFileType = sourcecode.swift; path = SchoolService.swift; sourceTree = "<group>"; };
		0B662E942A11787000B9B0A1 /* APIResource.swift */ = {isa = PBXFileReference; lastKnownFileType = sourcecode.swift; path = APIResource.swift; sourceTree = "<group>"; };
		0B662E962A11789500B9B0A1 /* APIRequest.swift */ = {isa = PBXFileReference; lastKnownFileType = sourcecode.swift; path = APIRequest.swift; sourceTree = "<group>"; };
		0B662E982A1178B700B9B0A1 /* NetworkRequest.swift */ = {isa = PBXFileReference; lastKnownFileType = sourcecode.swift; path = NetworkRequest.swift; sourceTree = "<group>"; };
		0B662E9C2A11841600B9B0A1 /* SchoolDetailCell.swift */ = {isa = PBXFileReference; lastKnownFileType = sourcecode.swift; path = SchoolDetailCell.swift; sourceTree = "<group>"; };
		0B662E9E2A118D6800B9B0A1 /* SchoolDetailViewModel.swift */ = {isa = PBXFileReference; lastKnownFileType = sourcecode.swift; path = SchoolDetailViewModel.swift; sourceTree = "<group>"; };
		0B662EA02A118EBD00B9B0A1 /* SchoolDetailViewController.swift */ = {isa = PBXFileReference; lastKnownFileType = sourcecode.swift; path = SchoolDetailViewController.swift; sourceTree = "<group>"; };
/* End PBXFileReference section */

/* Begin PBXFrameworksBuildPhase section */
		0B662E702A11619000B9B0A1 /* Frameworks */ = {
			isa = PBXFrameworksBuildPhase;
			buildActionMask = 2147483647;
			files = (
			);
			runOnlyForDeploymentPostprocessing = 0;
		};
/* End PBXFrameworksBuildPhase section */

/* Begin PBXGroup section */
		0B662E6A2A11618F00B9B0A1 = {
			isa = PBXGroup;
			children = (
				0B662E752A11619000B9B0A1 /* NYC School */,
				0B662E742A11619000B9B0A1 /* Products */,
			);
			sourceTree = "<group>";
		};
		0B662E742A11619000B9B0A1 /* Products */ = {
			isa = PBXGroup;
			children = (
				0B662E732A11619000B9B0A1 /* NYC School.app */,
			);
			name = Products;
			sourceTree = "<group>";
		};
		0B662E752A11619000B9B0A1 /* NYC School */ = {
			isa = PBXGroup;
			children = (
				0B662EA62A11A5DA00B9B0A1 /* Cells */,
				0B662EA52A11A57F00B9B0A1 /* ViewController */,
				0B662EA42A11A57500B9B0A1 /* Helper */,
				0B662EA32A11A56D00B9B0A1 /* Network */,
				0B662EA22A11A56400B9B0A1 /* Model */,
				0B662E762A11619000B9B0A1 /* AppDelegate.swift */,
				0B662E782A11619000B9B0A1 /* SceneDelegate.swift */,
				0B662E7F2A11619100B9B0A1 /* Assets.xcassets */,
				0B662E812A11619100B9B0A1 /* LaunchScreen.storyboard */,
				0B662E842A11619100B9B0A1 /* Info.plist */,
			);
			path = "NYC School";
			sourceTree = "<group>";
		};
		0B662EA22A11A56400B9B0A1 /* Model */ = {
			isa = PBXGroup;
			children = (
				0B662E9E2A118D6800B9B0A1 /* SchoolDetailViewModel.swift */,
				0B662E8A2A11765C00B9B0A1 /* ListOfSchoolModel.swift */,
				0B662E902A11780400B9B0A1 /* SchoolDetailsModel.swift */,
			);
			path = Model;
			sourceTree = "<group>";
		};
		0B662EA32A11A56D00B9B0A1 /* Network */ = {
			isa = PBXGroup;
			children = (
				0B662E922A11782C00B9B0A1 /* SchoolService.swift */,
				0B662E942A11787000B9B0A1 /* APIResource.swift */,
				0B662E962A11789500B9B0A1 /* APIRequest.swift */,
				0B662E982A1178B700B9B0A1 /* NetworkRequest.swift */,
			);
			path = Network;
			sourceTree = "<group>";
		};
		0B662EA42A11A57500B9B0A1 /* Helper */ = {
			isa = PBXGroup;
			children = (
				0B662E8C2A1176D700B9B0A1 /* Dynamic.swift */,
				0B662E8E2A1177C800B9B0A1 /* Constants.swift */,
			);
			path = Helper;
			sourceTree = "<group>";
		};
		0B662EA52A11A57F00B9B0A1 /* ViewController */ = {
			isa = PBXGroup;
			children = (
				0B662EA02A118EBD00B9B0A1 /* SchoolDetailViewController.swift */,
				0B662E7A2A11619000B9B0A1 /* HomeViewController.swift */,
			);
			path = ViewController;
			sourceTree = "<group>";
		};
		0B662EA62A11A5DA00B9B0A1 /* Cells */ = {
			isa = PBXGroup;
			children = (
				0B662E9C2A11841600B9B0A1 /* SchoolDetailCell.swift */,
			);
			path = Cells;
			sourceTree = "<group>";
		};
/* End PBXGroup section */

/* Begin PBXNativeTarget section */
		0B662E722A11619000B9B0A1 /* NYC School */ = {
			isa = PBXNativeTarget;
			buildConfigurationList = 0B662E872A11619100B9B0A1 /* Build configuration list for PBXNativeTarget "NYC School" */;
			buildPhases = (
				0B662E6F2A11619000B9B0A1 /* Sources */,
				0B662E702A11619000B9B0A1 /* Frameworks */,
				0B662E712A11619000B9B0A1 /* Resources */,
			);
			buildRules = (
			);
			dependencies = (
			);
			name = "NYC School";
			productName = "NYC School";
			productReference = 0B662E732A11619000B9B0A1 /* NYC School.app */;
			productType = "com.apple.product-type.application";
		};
/* End PBXNativeTarget section */

/* Begin PBXProject section */
		0B662E6B2A11618F00B9B0A1 /* Project object */ = {
			isa = PBXProject;
			attributes = {
				BuildIndependentTargetsInParallel = 1;
				LastSwiftUpdateCheck = 1420;
				LastUpgradeCheck = 1420;
				TargetAttributes = {
					0B662E722A11619000B9B0A1 = {
						CreatedOnToolsVersion = 14.2;
					};
				};
			};
			buildConfigurationList = 0B662E6E2A11618F00B9B0A1 /* Build configuration list for PBXProject "NYC School" */;
			compatibilityVersion = "Xcode 14.0";
			developmentRegion = en;
			hasScannedForEncodings = 0;
			knownRegions = (
				en,
				Base,
			);
			mainGroup = 0B662E6A2A11618F00B9B0A1;
			productRefGroup = 0B662E742A11619000B9B0A1 /* Products */;
			projectDirPath = "";
			projectRoot = "";
			targets = (
				0B662E722A11619000B9B0A1 /* NYC School */,
			);
		};
/* End PBXProject section */

/* Begin PBXResourcesBuildPhase section */
		0B662E712A11619000B9B0A1 /* Resources */ = {
			isa = PBXResourcesBuildPhase;
			buildActionMask = 2147483647;
			files = (
				0B662E832A11619100B9B0A1 /* LaunchScreen.storyboard in Resources */,
				0B662E802A11619100B9B0A1 /* Assets.xcassets in Resources */,
			);
			runOnlyForDeploymentPostprocessing = 0;
		};
/* End PBXResourcesBuildPhase section */

/* Begin PBXSourcesBuildPhase section */
		0B662E6F2A11619000B9B0A1 /* Sources */ = {
			isa = PBXSourcesBuildPhase;
			buildActionMask = 2147483647;
			files = (
				0B662E8B2A11765C00B9B0A1 /* ListOfSchoolModel.swift in Sources */,
				0B662E8D2A1176D700B9B0A1 /* Dynamic.swift in Sources */,
				0B662E7B2A11619000B9B0A1 /* HomeViewController.swift in Sources */,
				0B662E912A11780400B9B0A1 /* SchoolDetailsModel.swift in Sources */,
				0B662EA12A118EBD00B9B0A1 /* SchoolDetailViewController.swift in Sources */,
				0B662E9D2A11841600B9B0A1 /* SchoolDetailCell.swift in Sources */,
				0B662E952A11787000B9B0A1 /* APIResource.swift in Sources */,
				0B662E9F2A118D6800B9B0A1 /* SchoolDetailViewModel.swift in Sources */,
				0B662E772A11619000B9B0A1 /* AppDelegate.swift in Sources */,
				0B662E792A11619000B9B0A1 /* SceneDelegate.swift in Sources */,
				0B662E8F2A1177C800B9B0A1 /* Constants.swift in Sources */,
				0B662E992A1178B700B9B0A1 /* NetworkRequest.swift in Sources */,
				0B662E972A11789500B9B0A1 /* APIRequest.swift in Sources */,
				0B662E932A11782C00B9B0A1 /* SchoolService.swift in Sources */,
			);
			runOnlyForDeploymentPostprocessing = 0;
		};
/* End PBXSourcesBuildPhase section */

/* Begin PBXVariantGroup section */
		0B662E812A11619100B9B0A1 /* LaunchScreen.storyboard */ = {
			isa = PBXVariantGroup;
			children = (
				0B662E822A11619100B9B0A1 /* Base */,
			);
			name = LaunchScreen.storyboard;
			sourceTree = "<group>";
		};
/* End PBXVariantGroup section */

/* Begin XCBuildConfiguration section */
		0B662E852A11619100B9B0A1 /* Debug */ = {
			isa = XCBuildConfiguration;
			buildSettings = {
				ALWAYS_SEARCH_USER_PATHS = NO;
				CLANG_ANALYZER_NONNULL = YES;
				CLANG_ANALYZER_NUMBER_OBJECT_CONVERSION = YES_AGGRESSIVE;
				CLANG_CXX_LANGUAGE_STANDARD = "gnu++20";
				CLANG_ENABLE_MODULES = YES;
				CLANG_ENABLE_OBJC_ARC = YES;
				CLANG_ENABLE_OBJC_WEAK = YES;
				CLANG_WARN_BLOCK_CAPTURE_AUTORELEASING = YES;
				CLANG_WARN_BOOL_CONVERSION = YES;
				CLANG_WARN_COMMA = YES;
				CLANG_WARN_CONSTANT_CONVERSION = YES;
				CLANG_WARN_DEPRECATED_OBJC_IMPLEMENTATIONS = YES;
				CLANG_WARN_DIRECT_OBJC_ISA_USAGE = YES_ERROR;
				CLANG_WARN_DOCUMENTATION_COMMENTS = YES;
				CLANG_WARN_EMPTY_BODY = YES;
				CLANG_WARN_ENUM_CONVERSION = YES;
				CLANG_WARN_INFINITE_RECURSION = YES;
				CLANG_WARN_INT_CONVERSION = YES;
				CLANG_WARN_NON_LITERAL_NULL_CONVERSION = YES;
				CLANG_WARN_OBJC_IMPLICIT_RETAIN_SELF = YES;
				CLANG_WARN_OBJC_LITERAL_CONVERSION = YES;
				CLANG_WARN_OBJC_ROOT_CLASS = YES_ERROR;
				CLANG_WARN_QUOTED_INCLUDE_IN_FRAMEWORK_HEADER = YES;
				CLANG_WARN_RANGE_LOOP_ANALYSIS = YES;
				CLANG_WARN_STRICT_PROTOTYPES = YES;
				CLANG_WARN_SUSPICIOUS_MOVE = YES;
				CLANG_WARN_UNGUARDED_AVAILABILITY = YES_AGGRESSIVE;
				CLANG_WARN_UNREACHABLE_CODE = YES;
				CLANG_WARN__DUPLICATE_METHOD_MATCH = YES;
				COPY_PHASE_STRIP = NO;
				DEBUG_INFORMATION_FORMAT = dwarf;
				ENABLE_STRICT_OBJC_MSGSEND = YES;
				ENABLE_TESTABILITY = YES;
				GCC_C_LANGUAGE_STANDARD = gnu11;
				GCC_DYNAMIC_NO_PIC = NO;
				GCC_NO_COMMON_BLOCKS = YES;
				GCC_OPTIMIZATION_LEVEL = 0;
				GCC_PREPROCESSOR_DEFINITIONS = (
					"DEBUG=1",
					"$(inherited)",
				);
				GCC_WARN_64_TO_32_BIT_CONVERSION = YES;
				GCC_WARN_ABOUT_RETURN_TYPE = YES_ERROR;
				GCC_WARN_UNDECLARED_SELECTOR = YES;
				GCC_WARN_UNINITIALIZED_AUTOS = YES_AGGRESSIVE;
				GCC_WARN_UNUSED_FUNCTION = YES;
				GCC_WARN_UNUSED_VARIABLE = YES;
				IPHONEOS_DEPLOYMENT_TARGET = 16.2;
				MTL_ENABLE_DEBUG_INFO = INCLUDE_SOURCE;
				MTL_FAST_MATH = YES;
				ONLY_ACTIVE_ARCH = YES;
				SDKROOT = iphoneos;
				SWIFT_ACTIVE_COMPILATION_CONDITIONS = DEBUG;
				SWIFT_OPTIMIZATION_LEVEL = "-Onone";
			};
			name = Debug;
		};
		0B662E862A11619100B9B0A1 /* Release */ = {
			isa = XCBuildConfiguration;
			buildSettings = {
				ALWAYS_SEARCH_USER_PATHS = NO;
				CLANG_ANALYZER_NONNULL = YES;
				CLANG_ANALYZER_NUMBER_OBJECT_CONVERSION = YES_AGGRESSIVE;
				CLANG_CXX_LANGUAGE_STANDARD = "gnu++20";
				CLANG_ENABLE_MODULES = YES;
				CLANG_ENABLE_OBJC_ARC = YES;
				CLANG_ENABLE_OBJC_WEAK = YES;
				CLANG_WARN_BLOCK_CAPTURE_AUTORELEASING = YES;
				CLANG_WARN_BOOL_CONVERSION = YES;
				CLANG_WARN_COMMA = YES;
				CLANG_WARN_CONSTANT_CONVERSION = YES;
				CLANG_WARN_DEPRECATED_OBJC_IMPLEMENTATIONS = YES;
				CLANG_WARN_DIRECT_OBJC_ISA_USAGE = YES_ERROR;
				CLANG_WARN_DOCUMENTATION_COMMENTS = YES;
				CLANG_WARN_EMPTY_BODY = YES;
				CLANG_WARN_ENUM_CONVERSION = YES;
				CLANG_WARN_INFINITE_RECURSION = YES;
				CLANG_WARN_INT_CONVERSION = YES;
				CLANG_WARN_NON_LITERAL_NULL_CONVERSION = YES;
				CLANG_WARN_OBJC_IMPLICIT_RETAIN_SELF = YES;
				CLANG_WARN_OBJC_LITERAL_CONVERSION = YES;
				CLANG_WARN_OBJC_ROOT_CLASS = YES_ERROR;
				CLANG_WARN_QUOTED_INCLUDE_IN_FRAMEWORK_HEADER = YES;
				CLANG_WARN_RANGE_LOOP_ANALYSIS = YES;
				CLANG_WARN_STRICT_PROTOTYPES = YES;
				CLANG_WARN_SUSPICIOUS_MOVE = YES;
				CLANG_WARN_UNGUARDED_AVAILABILITY = YES_AGGRESSIVE;
				CLANG_WARN_UNREACHABLE_CODE = YES;
				CLANG_WARN__DUPLICATE_METHOD_MATCH = YES;
				COPY_PHASE_STRIP = NO;
				DEBUG_INFORMATION_FORMAT = "dwarf-with-dsym";
				ENABLE_NS_ASSERTIONS = NO;
				ENABLE_STRICT_OBJC_MSGSEND = YES;
				GCC_C_LANGUAGE_STANDARD = gnu11;
				GCC_NO_COMMON_BLOCKS = YES;
				GCC_WARN_64_TO_32_BIT_CONVERSION = YES;
				GCC_WARN_ABOUT_RETURN_TYPE = YES_ERROR;
				GCC_WARN_UNDECLARED_SELECTOR = YES;
				GCC_WARN_UNINITIALIZED_AUTOS = YES_AGGRESSIVE;
				GCC_WARN_UNUSED_FUNCTION = YES;
				GCC_WARN_UNUSED_VARIABLE = YES;
				IPHONEOS_DEPLOYMENT_TARGET = 16.2;
				MTL_ENABLE_DEBUG_INFO = NO;
				MTL_FAST_MATH = YES;
				SDKROOT = iphoneos;
				SWIFT_COMPILATION_MODE = wholemodule;
				SWIFT_OPTIMIZATION_LEVEL = "-O";
				VALIDATE_PRODUCT = YES;
			};
			name = Release;
		};
		0B662E882A11619100B9B0A1 /* Debug */ = {
			isa = XCBuildConfiguration;
			buildSettings = {
				ASSETCATALOG_COMPILER_APPICON_NAME = AppIcon;
				ASSETCATALOG_COMPILER_GLOBAL_ACCENT_COLOR_NAME = AccentColor;
				CODE_SIGN_STYLE = Automatic;
				CURRENT_PROJECT_VERSION = 1;
				GENERATE_INFOPLIST_FILE = YES;
				INFOPLIST_FILE = "NYC School/Info.plist";
				INFOPLIST_KEY_UIApplicationSupportsIndirectInputEvents = YES;
				INFOPLIST_KEY_UILaunchStoryboardName = LaunchScreen;
				INFOPLIST_KEY_UISupportedInterfaceOrientations_iPad = "UIInterfaceOrientationPortrait UIInterfaceOrientationPortraitUpsideDown UIInterfaceOrientationLandscapeLeft UIInterfaceOrientationLandscapeRight";
				INFOPLIST_KEY_UISupportedInterfaceOrientations_iPhone = "UIInterfaceOrientationPortrait UIInterfaceOrientationLandscapeLeft UIInterfaceOrientationLandscapeRight";
				LD_RUNPATH_SEARCH_PATHS = (
					"$(inherited)",
					"@executable_path/Frameworks",
				);
				MARKETING_VERSION = 1.0;
				PRODUCT_BUNDLE_IDENTIFIER = "Sample.NYC-School";
				PRODUCT_NAME = "$(TARGET_NAME)";
				SWIFT_EMIT_LOC_STRINGS = YES;
				SWIFT_VERSION = 5.0;
				TARGETED_DEVICE_FAMILY = "1,2";
			};
			name = Debug;
		};
		0B662E892A11619100B9B0A1 /* Release */ = {
			isa = XCBuildConfiguration;
			buildSettings = {
				ASSETCATALOG_COMPILER_APPICON_NAME = AppIcon;
				ASSETCATALOG_COMPILER_GLOBAL_ACCENT_COLOR_NAME = AccentColor;
				CODE_SIGN_STYLE = Automatic;
				CURRENT_PROJECT_VERSION = 1;
				GENERATE_INFOPLIST_FILE = YES;
				INFOPLIST_FILE = "NYC School/Info.plist";
				INFOPLIST_KEY_UIApplicationSupportsIndirectInputEvents = YES;
				INFOPLIST_KEY_UILaunchStoryboardName = LaunchScreen;
				INFOPLIST_KEY_UISupportedInterfaceOrientations_iPad = "UIInterfaceOrientationPortrait UIInterfaceOrientationPortraitUpsideDown UIInterfaceOrientationLandscapeLeft UIInterfaceOrientationLandscapeRight";
				INFOPLIST_KEY_UISupportedInterfaceOrientations_iPhone = "UIInterfaceOrientationPortrait UIInterfaceOrientationLandscapeLeft UIInterfaceOrientationLandscapeRight";
				LD_RUNPATH_SEARCH_PATHS = (
					"$(inherited)",
					"@executable_path/Frameworks",
				);
				MARKETING_VERSION = 1.0;
				PRODUCT_BUNDLE_IDENTIFIER = "Sample.NYC-School";
				PRODUCT_NAME = "$(TARGET_NAME)";
				SWIFT_EMIT_LOC_STRINGS = YES;
				SWIFT_VERSION = 5.0;
				TARGETED_DEVICE_FAMILY = "1,2";
			};
			name = Release;
		};
/* End XCBuildConfiguration section */

/* Begin XCConfigurationList section */
		0B662E6E2A11618F00B9B0A1 /* Build configuration list for PBXProject "NYC School" */ = {
			isa = XCConfigurationList;
			buildConfigurations = (
				0B662E852A11619100B9B0A1 /* Debug */,
				0B662E862A11619100B9B0A1 /* Release */,
			);
			defaultConfigurationIsVisible = 0;
			defaultConfigurationName = Release;
		};
		0B662E872A11619100B9B0A1 /* Build configuration list for PBXNativeTarget "NYC School" */ = {
			isa = XCConfigurationList;
			buildConfigurations = (
				0B662E882A11619100B9B0A1 /* Debug */,
				0B662E892A11619100B9B0A1 /* Release */,
			);
			defaultConfigurationIsVisible = 0;
			defaultConfigurationName = Release;
		};
/* End XCConfigurationList section */
	};
	rootObject = 0B662E6B2A11618F00B9B0A1 /* Project object */;
}
